// !$*UTF8*$!
{
	archiveVersion = 1;
	classes = {
	};
	objectVersion = 51;
	objects = {

/* Begin PBXBuildFile section */
		4D860DD465B72BEF7A85BAE9 /* Pods_Parstagram.framework in Frameworks */ = {isa = PBXBuildFile; fileRef = 0A1ABE2DB52D2732AAD5CF64 /* Pods_Parstagram.framework */; };
		A40B877625414BCC006C0F12 /* AppDelegate.swift in Sources */ = {isa = PBXBuildFile; fileRef = A40B877525414BCC006C0F12 /* AppDelegate.swift */; };
		A40B877825414BCC006C0F12 /* SceneDelegate.swift in Sources */ = {isa = PBXBuildFile; fileRef = A40B877725414BCC006C0F12 /* SceneDelegate.swift */; };
		A40B877D25414BCC006C0F12 /* Main.storyboard in Resources */ = {isa = PBXBuildFile; fileRef = A40B877B25414BCC006C0F12 /* Main.storyboard */; };
		A40B877F25414BCD006C0F12 /* Assets.xcassets in Resources */ = {isa = PBXBuildFile; fileRef = A40B877E25414BCD006C0F12 /* Assets.xcassets */; };
		A40B878225414BCD006C0F12 /* LaunchScreen.storyboard in Resources */ = {isa = PBXBuildFile; fileRef = A40B878025414BCD006C0F12 /* LaunchScreen.storyboard */; };
		A40B878D25414BCD006C0F12 /* ParstagramTests.swift in Sources */ = {isa = PBXBuildFile; fileRef = A40B878C25414BCD006C0F12 /* ParstagramTests.swift */; };
		A40B879825414BCD006C0F12 /* ParstagramUITests.swift in Sources */ = {isa = PBXBuildFile; fileRef = A40B879725414BCD006C0F12 /* ParstagramUITests.swift */; };
		A462D7172543864C00B5D50E /* LoginViewController.swift in Sources */ = {isa = PBXBuildFile; fileRef = A462D7162543864C00B5D50E /* LoginViewController.swift */; };
		A462D71C2543866900B5D50E /* FeedViewController.swift in Sources */ = {isa = PBXBuildFile; fileRef = A462D71B2543866900B5D50E /* FeedViewController.swift */; };
		A4CD8B802543F40700D77299 /* CameraViewController.swift in Sources */ = {isa = PBXBuildFile; fileRef = A4CD8B7F2543F40700D77299 /* CameraViewController.swift */; };
		A4CD8B9A2544020B00D77299 /* PostCell.swift in Sources */ = {isa = PBXBuildFile; fileRef = A4CD8B992544020B00D77299 /* PostCell.swift */; };
		CE7E1BF2BBD29EF65E31751A /* Pods_ParstagramTests.framework in Frameworks */ = {isa = PBXBuildFile; fileRef = 004C738E41DBD358AEDD9650 /* Pods_ParstagramTests.framework */; };
		E7AB9D7C0D54A44BBE7604F7 /* Pods_Parstagram_ParstagramUITests.framework in Frameworks */ = {isa = PBXBuildFile; fileRef = 71C9A1464A2C448ADBB9E519 /* Pods_Parstagram_ParstagramUITests.framework */; };
/* End PBXBuildFile section */

/* Begin PBXContainerItemProxy section */
		A40B878925414BCD006C0F12 /* PBXContainerItemProxy */ = {
			isa = PBXContainerItemProxy;
			containerPortal = A40B876A25414BCC006C0F12 /* Project object */;
			proxyType = 1;
			remoteGlobalIDString = A40B877125414BCC006C0F12;
			remoteInfo = Parstagram;
		};
		A40B879425414BCD006C0F12 /* PBXContainerItemProxy */ = {
			isa = PBXContainerItemProxy;
			containerPortal = A40B876A25414BCC006C0F12 /* Project object */;
			proxyType = 1;
			remoteGlobalIDString = A40B877125414BCC006C0F12;
			remoteInfo = Parstagram;
		};
/* End PBXContainerItemProxy section */

/* Begin PBXFileReference section */
		004C738E41DBD358AEDD9650 /* Pods_ParstagramTests.framework */ = {isa = PBXFileReference; explicitFileType = wrapper.framework; includeInIndex = 0; path = Pods_ParstagramTests.framework; sourceTree = BUILT_PRODUCTS_DIR; };
		0A1ABE2DB52D2732AAD5CF64 /* Pods_Parstagram.framework */ = {isa = PBXFileReference; explicitFileType = wrapper.framework; includeInIndex = 0; path = Pods_Parstagram.framework; sourceTree = BUILT_PRODUCTS_DIR; };
		24179B82A1EDDB695C01B8C6 /* Pods-ParstagramTests.release.xcconfig */ = {isa = PBXFileReference; includeInIndex = 1; lastKnownFileType = text.xcconfig; name = "Pods-ParstagramTests.release.xcconfig"; path = "Target Support Files/Pods-ParstagramTests/Pods-ParstagramTests.release.xcconfig"; sourceTree = "<group>"; };
		26BA65F056E56BD7FFA82BB1 /* Pods-Parstagram-ParstagramUITests.debug.xcconfig */ = {isa = PBXFileReference; includeInIndex = 1; lastKnownFileType = text.xcconfig; name = "Pods-Parstagram-ParstagramUITests.debug.xcconfig"; path = "Target Support Files/Pods-Parstagram-ParstagramUITests/Pods-Parstagram-ParstagramUITests.debug.xcconfig"; sourceTree = "<group>"; };
		3EC3F0828AE8451C13EA1AA2 /* Pods-Parstagram.debug.xcconfig */ = {isa = PBXFileReference; includeInIndex = 1; lastKnownFileType = text.xcconfig; name = "Pods-Parstagram.debug.xcconfig"; path = "Target Support Files/Pods-Parstagram/Pods-Parstagram.debug.xcconfig"; sourceTree = "<group>"; };
		666615A8AC5079F95E07A0FE /* Pods-Parstagram-ParstagramUITests.release.xcconfig */ = {isa = PBXFileReference; includeInIndex = 1; lastKnownFileType = text.xcconfig; name = "Pods-Parstagram-ParstagramUITests.release.xcconfig"; path = "Target Support Files/Pods-Parstagram-ParstagramUITests/Pods-Parstagram-ParstagramUITests.release.xcconfig"; sourceTree = "<group>"; };
		71C9A1464A2C448ADBB9E519 /* Pods_Parstagram_ParstagramUITests.framework */ = {isa = PBXFileReference; explicitFileType = wrapper.framework; includeInIndex = 0; path = Pods_Parstagram_ParstagramUITests.framework; sourceTree = BUILT_PRODUCTS_DIR; };
		73592D59CF5CCEB81D16934E /* Pods-Parstagram.release.xcconfig */ = {isa = PBXFileReference; includeInIndex = 1; lastKnownFileType = text.xcconfig; name = "Pods-Parstagram.release.xcconfig"; path = "Target Support Files/Pods-Parstagram/Pods-Parstagram.release.xcconfig"; sourceTree = "<group>"; };
		97CBB35544136938BBA79229 /* Pods-ParstagramTests.debug.xcconfig */ = {isa = PBXFileReference; includeInIndex = 1; lastKnownFileType = text.xcconfig; name = "Pods-ParstagramTests.debug.xcconfig"; path = "Target Support Files/Pods-ParstagramTests/Pods-ParstagramTests.debug.xcconfig"; sourceTree = "<group>"; };
		A40B877225414BCC006C0F12 /* Parstagram.app */ = {isa = PBXFileReference; explicitFileType = wrapper.application; includeInIndex = 0; path = Parstagram.app; sourceTree = BUILT_PRODUCTS_DIR; };
		A40B877525414BCC006C0F12 /* AppDelegate.swift */ = {isa = PBXFileReference; lastKnownFileType = sourcecode.swift; path = AppDelegate.swift; sourceTree = "<group>"; };
		A40B877725414BCC006C0F12 /* SceneDelegate.swift */ = {isa = PBXFileReference; lastKnownFileType = sourcecode.swift; path = SceneDelegate.swift; sourceTree = "<group>"; };
		A40B877C25414BCC006C0F12 /* Base */ = {isa = PBXFileReference; lastKnownFileType = file.storyboard; name = Base; path = Base.lproj/Main.storyboard; sourceTree = "<group>"; };
		A40B877E25414BCD006C0F12 /* Assets.xcassets */ = {isa = PBXFileReference; lastKnownFileType = folder.assetcatalog; path = Assets.xcassets; sourceTree = "<group>"; };
		A40B878125414BCD006C0F12 /* Base */ = {isa = PBXFileReference; lastKnownFileType = file.storyboard; name = Base; path = Base.lproj/LaunchScreen.storyboard; sourceTree = "<group>"; };
		A40B878325414BCD006C0F12 /* Info.plist */ = {isa = PBXFileReference; lastKnownFileType = text.plist.xml; path = Info.plist; sourceTree = "<group>"; };
		A40B878825414BCD006C0F12 /* ParstagramTests.xctest */ = {isa = PBXFileReference; explicitFileType = wrapper.cfbundle; includeInIndex = 0; path = ParstagramTests.xctest; sourceTree = BUILT_PRODUCTS_DIR; };
		A40B878C25414BCD006C0F12 /* ParstagramTests.swift */ = {isa = PBXFileReference; lastKnownFileType = sourcecode.swift; path = ParstagramTests.swift; sourceTree = "<group>"; };
		A40B878E25414BCD006C0F12 /* Info.plist */ = {isa = PBXFileReference; lastKnownFileType = text.plist.xml; path = Info.plist; sourceTree = "<group>"; };
		A40B879325414BCD006C0F12 /* ParstagramUITests.xctest */ = {isa = PBXFileReference; explicitFileType = wrapper.cfbundle; includeInIndex = 0; path = ParstagramUITests.xctest; sourceTree = BUILT_PRODUCTS_DIR; };
		A40B879725414BCD006C0F12 /* ParstagramUITests.swift */ = {isa = PBXFileReference; lastKnownFileType = sourcecode.swift; path = ParstagramUITests.swift; sourceTree = "<group>"; };
		A40B879925414BCD006C0F12 /* Info.plist */ = {isa = PBXFileReference; lastKnownFileType = text.plist.xml; path = Info.plist; sourceTree = "<group>"; };
		A462D7162543864C00B5D50E /* LoginViewController.swift */ = {isa = PBXFileReference; lastKnownFileType = sourcecode.swift; path = LoginViewController.swift; sourceTree = "<group>"; };
		A462D71B2543866900B5D50E /* FeedViewController.swift */ = {isa = PBXFileReference; lastKnownFileType = sourcecode.swift; path = FeedViewController.swift; sourceTree = "<group>"; };
		A4CD8B7F2543F40700D77299 /* CameraViewController.swift */ = {isa = PBXFileReference; lastKnownFileType = sourcecode.swift; path = CameraViewController.swift; sourceTree = "<group>"; };
		A4CD8B992544020B00D77299 /* PostCell.swift */ = {isa = PBXFileReference; lastKnownFileType = sourcecode.swift; path = PostCell.swift; sourceTree = "<group>"; };
/* End PBXFileReference section */

/* Begin PBXFrameworksBuildPhase section */
		A40B876F25414BCC006C0F12 /* Frameworks */ = {
			isa = PBXFrameworksBuildPhase;
			buildActionMask = 2147483647;
			files = (
				4D860DD465B72BEF7A85BAE9 /* Pods_Parstagram.framework in Frameworks */,
			);
			runOnlyForDeploymentPostprocessing = 0;
		};
		A40B878525414BCD006C0F12 /* Frameworks */ = {
			isa = PBXFrameworksBuildPhase;
			buildActionMask = 2147483647;
			files = (
				CE7E1BF2BBD29EF65E31751A /* Pods_ParstagramTests.framework in Frameworks */,
			);
			runOnlyForDeploymentPostprocessing = 0;
		};
		A40B879025414BCD006C0F12 /* Frameworks */ = {
			isa = PBXFrameworksBuildPhase;
			buildActionMask = 2147483647;
			files = (
				E7AB9D7C0D54A44BBE7604F7 /* Pods_Parstagram_ParstagramUITests.framework in Frameworks */,
			);
			runOnlyForDeploymentPostprocessing = 0;
		};
/* End PBXFrameworksBuildPhase section */

/* Begin PBXGroup section */
		81DADFDB38062F03C189F3EE /* Pods */ = {
			isa = PBXGroup;
			children = (
				3EC3F0828AE8451C13EA1AA2 /* Pods-Parstagram.debug.xcconfig */,
				73592D59CF5CCEB81D16934E /* Pods-Parstagram.release.xcconfig */,
				26BA65F056E56BD7FFA82BB1 /* Pods-Parstagram-ParstagramUITests.debug.xcconfig */,
				666615A8AC5079F95E07A0FE /* Pods-Parstagram-ParstagramUITests.release.xcconfig */,
				97CBB35544136938BBA79229 /* Pods-ParstagramTests.debug.xcconfig */,
				24179B82A1EDDB695C01B8C6 /* Pods-ParstagramTests.release.xcconfig */,
			);
			path = Pods;
			sourceTree = "<group>";
		};
		A40B876925414BCC006C0F12 = {
			isa = PBXGroup;
			children = (
				A40B877425414BCC006C0F12 /* Parstagram */,
				A40B878B25414BCD006C0F12 /* ParstagramTests */,
				A40B879625414BCD006C0F12 /* ParstagramUITests */,
				A40B877325414BCC006C0F12 /* Products */,
				B99F58A2993C78756F3DA904 /* Frameworks */,
				81DADFDB38062F03C189F3EE /* Pods */,
			);
			sourceTree = "<group>";
		};
		A40B877325414BCC006C0F12 /* Products */ = {
			isa = PBXGroup;
			children = (
				A40B877225414BCC006C0F12 /* Parstagram.app */,
				A40B878825414BCD006C0F12 /* ParstagramTests.xctest */,
				A40B879325414BCD006C0F12 /* ParstagramUITests.xctest */,
			);
			name = Products;
			sourceTree = "<group>";
		};
		A40B877425414BCC006C0F12 /* Parstagram */ = {
			isa = PBXGroup;
			children = (
				A40B877525414BCC006C0F12 /* AppDelegate.swift */,
				A40B877725414BCC006C0F12 /* SceneDelegate.swift */,
				A40B877B25414BCC006C0F12 /* Main.storyboard */,
				A462D7162543864C00B5D50E /* LoginViewController.swift */,
				A462D71B2543866900B5D50E /* FeedViewController.swift */,
				A40B877E25414BCD006C0F12 /* Assets.xcassets */,
				A40B878025414BCD006C0F12 /* LaunchScreen.storyboard */,
				A40B878325414BCD006C0F12 /* Info.plist */,
				A4CD8B7F2543F40700D77299 /* CameraViewController.swift */,
				A4CD8B992544020B00D77299 /* PostCell.swift */,
			);
			path = Parstagram;
			sourceTree = "<group>";
		};
		A40B878B25414BCD006C0F12 /* ParstagramTests */ = {
			isa = PBXGroup;
			children = (
				A40B878C25414BCD006C0F12 /* ParstagramTests.swift */,
				A40B878E25414BCD006C0F12 /* Info.plist */,
			);
			path = ParstagramTests;
			sourceTree = "<group>";
		};
		A40B879625414BCD006C0F12 /* ParstagramUITests */ = {
			isa = PBXGroup;
			children = (
				A40B879725414BCD006C0F12 /* ParstagramUITests.swift */,
				A40B879925414BCD006C0F12 /* Info.plist */,
			);
			path = ParstagramUITests;
			sourceTree = "<group>";
		};
		B99F58A2993C78756F3DA904 /* Frameworks */ = {
			isa = PBXGroup;
			children = (
				0A1ABE2DB52D2732AAD5CF64 /* Pods_Parstagram.framework */,
				71C9A1464A2C448ADBB9E519 /* Pods_Parstagram_ParstagramUITests.framework */,
				004C738E41DBD358AEDD9650 /* Pods_ParstagramTests.framework */,
			);
			name = Frameworks;
			sourceTree = "<group>";
		};
/* End PBXGroup section */

/* Begin PBXNativeTarget section */
		A40B877125414BCC006C0F12 /* Parstagram */ = {
			isa = PBXNativeTarget;
			buildConfigurationList = A40B879C25414BCD006C0F12 /* Build configuration list for PBXNativeTarget "Parstagram" */;
			buildPhases = (
				A5BF942A2ADBEB768A215043 /* [CP] Check Pods Manifest.lock */,
				A40B876E25414BCC006C0F12 /* Sources */,
				A40B876F25414BCC006C0F12 /* Frameworks */,
				A40B877025414BCC006C0F12 /* Resources */,
				4580A188C40475DEC235450A /* [CP] Embed Pods Frameworks */,
			);
			buildRules = (
			);
			dependencies = (
			);
			name = Parstagram;
			productName = Parstagram;
			productReference = A40B877225414BCC006C0F12 /* Parstagram.app */;
			productType = "com.apple.product-type.application";
		};
		A40B878725414BCD006C0F12 /* ParstagramTests */ = {
			isa = PBXNativeTarget;
			buildConfigurationList = A40B879F25414BCD006C0F12 /* Build configuration list for PBXNativeTarget "ParstagramTests" */;
			buildPhases = (
				374EAE0F1DBF19F4BBF66047 /* [CP] Check Pods Manifest.lock */,
				A40B878425414BCD006C0F12 /* Sources */,
				A40B878525414BCD006C0F12 /* Frameworks */,
				A40B878625414BCD006C0F12 /* Resources */,
			);
			buildRules = (
			);
			dependencies = (
				A40B878A25414BCD006C0F12 /* PBXTargetDependency */,
			);
			name = ParstagramTests;
			productName = ParstagramTests;
			productReference = A40B878825414BCD006C0F12 /* ParstagramTests.xctest */;
			productType = "com.apple.product-type.bundle.unit-test";
		};
		A40B879225414BCD006C0F12 /* ParstagramUITests */ = {
			isa = PBXNativeTarget;
			buildConfigurationList = A40B87A225414BCD006C0F12 /* Build configuration list for PBXNativeTarget "ParstagramUITests" */;
			buildPhases = (
				D410EC0F5398A440CBE1A412 /* [CP] Check Pods Manifest.lock */,
				A40B878F25414BCD006C0F12 /* Sources */,
				A40B879025414BCD006C0F12 /* Frameworks */,
				A40B879125414BCD006C0F12 /* Resources */,
				5BB5C9291EE08E50CE7FD5BA /* [CP] Embed Pods Frameworks */,
			);
			buildRules = (
			);
			dependencies = (
				A40B879525414BCD006C0F12 /* PBXTargetDependency */,
			);
			name = ParstagramUITests;
			productName = ParstagramUITests;
			productReference = A40B879325414BCD006C0F12 /* ParstagramUITests.xctest */;
			productType = "com.apple.product-type.bundle.ui-testing";
		};
/* End PBXNativeTarget section */

/* Begin PBXProject section */
		A40B876A25414BCC006C0F12 /* Project object */ = {
			isa = PBXProject;
			attributes = {
				LastSwiftUpdateCheck = 1200;
				LastUpgradeCheck = 1200;
				TargetAttributes = {
					A40B877125414BCC006C0F12 = {
						CreatedOnToolsVersion = 12.0;
					};
					A40B878725414BCD006C0F12 = {
						CreatedOnToolsVersion = 12.0;
						TestTargetID = A40B877125414BCC006C0F12;
					};
					A40B879225414BCD006C0F12 = {
						CreatedOnToolsVersion = 12.0;
						TestTargetID = A40B877125414BCC006C0F12;
					};
				};
			};
			buildConfigurationList = A40B876D25414BCC006C0F12 /* Build configuration list for PBXProject "Parstagram" */;
			compatibilityVersion = "Xcode 9.3";
			developmentRegion = en;
			hasScannedForEncodings = 0;
			knownRegions = (
				en,
				Base,
			);
			mainGroup = A40B876925414BCC006C0F12;
			productRefGroup = A40B877325414BCC006C0F12 /* Products */;
			projectDirPath = "";
			projectRoot = "";
			targets = (
				A40B877125414BCC006C0F12 /* Parstagram */,
				A40B878725414BCD006C0F12 /* ParstagramTests */,
				A40B879225414BCD006C0F12 /* ParstagramUITests */,
			);
		};
/* End PBXProject section */

/* Begin PBXResourcesBuildPhase section */
		A40B877025414BCC006C0F12 /* Resources */ = {
			isa = PBXResourcesBuildPhase;
			buildActionMask = 2147483647;
			files = (
				A40B878225414BCD006C0F12 /* LaunchScreen.storyboard in Resources */,
				A40B877F25414BCD006C0F12 /* Assets.xcassets in Resources */,
				A40B877D25414BCC006C0F12 /* Main.storyboard in Resources */,
			);
			runOnlyForDeploymentPostprocessing = 0;
		};
		A40B878625414BCD006C0F12 /* Resources */ = {
			isa = PBXResourcesBuildPhase;
			buildActionMask = 2147483647;
			files = (
			);
			runOnlyForDeploymentPostprocessing = 0;
		};
		A40B879125414BCD006C0F12 /* Resources */ = {
			isa = PBXResourcesBuildPhase;
			buildActionMask = 2147483647;
			files = (
			);
			runOnlyForDeploymentPostprocessing = 0;
		};
/* End PBXResourcesBuildPhase section */

/* Begin PBXShellScriptBuildPhase section */
		374EAE0F1DBF19F4BBF66047 /* [CP] Check Pods Manifest.lock */ = {
			isa = PBXShellScriptBuildPhase;
			buildActionMask = 2147483647;
			files = (
			);
			inputFileListPaths = (
			);
			inputPaths = (
				"${PODS_PODFILE_DIR_PATH}/Podfile.lock",
				"${PODS_ROOT}/Manifest.lock",
			);
			name = "[CP] Check Pods Manifest.lock";
			outputFileListPaths = (
			);
			outputPaths = (
				"$(DERIVED_FILE_DIR)/Pods-ParstagramTests-checkManifestLockResult.txt",
			);
			runOnlyForDeploymentPostprocessing = 0;
			shellPath = /bin/sh;
			shellScript = "diff \"${PODS_PODFILE_DIR_PATH}/Podfile.lock\" \"${PODS_ROOT}/Manifest.lock\" > /dev/null\nif [ $? != 0 ] ; then\n    # print error to STDERR\n    echo \"error: The sandbox is not in sync with the Podfile.lock. Run 'pod install' or update your CocoaPods installation.\" >&2\n    exit 1\nfi\n# This output is used by Xcode 'outputs' to avoid re-running this script phase.\necho \"SUCCESS\" > \"${SCRIPT_OUTPUT_FILE_0}\"\n";
			showEnvVarsInLog = 0;
		};
		4580A188C40475DEC235450A /* [CP] Embed Pods Frameworks */ = {
			isa = PBXShellScriptBuildPhase;
			buildActionMask = 2147483647;
			files = (
			);
			inputFileListPaths = (
				"${PODS_ROOT}/Target Support Files/Pods-Parstagram/Pods-Parstagram-frameworks-${CONFIGURATION}-input-files.xcfilelist",
			);
			name = "[CP] Embed Pods Frameworks";
			outputFileListPaths = (
				"${PODS_ROOT}/Target Support Files/Pods-Parstagram/Pods-Parstagram-frameworks-${CONFIGURATION}-output-files.xcfilelist",
			);
			runOnlyForDeploymentPostprocessing = 0;
			shellPath = /bin/sh;
			shellScript = "\"${PODS_ROOT}/Target Support Files/Pods-Parstagram/Pods-Parstagram-frameworks.sh\"\n";
			showEnvVarsInLog = 0;
		};
		5BB5C9291EE08E50CE7FD5BA /* [CP] Embed Pods Frameworks */ = {
			isa = PBXShellScriptBuildPhase;
			buildActionMask = 2147483647;
			files = (
			);
			inputFileListPaths = (
				"${PODS_ROOT}/Target Support Files/Pods-Parstagram-ParstagramUITests/Pods-Parstagram-ParstagramUITests-frameworks-${CONFIGURATION}-input-files.xcfilelist",
			);
			name = "[CP] Embed Pods Frameworks";
			outputFileListPaths = (
				"${PODS_ROOT}/Target Support Files/Pods-Parstagram-ParstagramUITests/Pods-Parstagram-ParstagramUITests-frameworks-${CONFIGURATION}-output-files.xcfilelist",
			);
			runOnlyForDeploymentPostprocessing = 0;
			shellPath = /bin/sh;
			shellScript = "\"${PODS_ROOT}/Target Support Files/Pods-Parstagram-ParstagramUITests/Pods-Parstagram-ParstagramUITests-frameworks.sh\"\n";
			showEnvVarsInLog = 0;
		};
		A5BF942A2ADBEB768A215043 /* [CP] Check Pods Manifest.lock */ = {
			isa = PBXShellScriptBuildPhase;
			buildActionMask = 2147483647;
			files = (
			);
			inputFileListPaths = (
			);
			inputPaths = (
				"${PODS_PODFILE_DIR_PATH}/Podfile.lock",
				"${PODS_ROOT}/Manifest.lock",
			);
			name = "[CP] Check Pods Manifest.lock";
			outputFileListPaths = (
			);
			outputPaths = (
				"$(DERIVED_FILE_DIR)/Pods-Parstagram-checkManifestLockResult.txt",
			);
			runOnlyForDeploymentPostprocessing = 0;
			shellPath = /bin/sh;
			shellScript = "diff \"${PODS_PODFILE_DIR_PATH}/Podfile.lock\" \"${PODS_ROOT}/Manifest.lock\" > /dev/null\nif [ $? != 0 ] ; then\n    # print error to STDERR\n    echo \"error: The sandbox is not in sync with the Podfile.lock. Run 'pod install' or update your CocoaPods installation.\" >&2\n    exit 1\nfi\n# This output is used by Xcode 'outputs' to avoid re-running this script phase.\necho \"SUCCESS\" > \"${SCRIPT_OUTPUT_FILE_0}\"\n";
			showEnvVarsInLog = 0;
		};
		D410EC0F5398A440CBE1A412 /* [CP] Check Pods Manifest.lock */ = {
			isa = PBXShellScriptBuildPhase;
			buildActionMask = 2147483647;
			files = (
			);
			inputFileListPaths = (
			);
			inputPaths = (
				"${PODS_PODFILE_DIR_PATH}/Podfile.lock",
				"${PODS_ROOT}/Manifest.lock",
			);
			name = "[CP] Check Pods Manifest.lock";
			outputFileListPaths = (
			);
			outputPaths = (
				"$(DERIVED_FILE_DIR)/Pods-Parstagram-ParstagramUITests-checkManifestLockResult.txt",
			);
			runOnlyForDeploymentPostprocessing = 0;
			shellPath = /bin/sh;
			shellScript = "diff \"${PODS_PODFILE_DIR_PATH}/Podfile.lock\" \"${PODS_ROOT}/Manifest.lock\" > /dev/null\nif [ $? != 0 ] ; then\n    # print error to STDERR\n    echo \"error: The sandbox is not in sync with the Podfile.lock. Run 'pod install' or update your CocoaPods installation.\" >&2\n    exit 1\nfi\n# This output is used by Xcode 'outputs' to avoid re-running this script phase.\necho \"SUCCESS\" > \"${SCRIPT_OUTPUT_FILE_0}\"\n";
			showEnvVarsInLog = 0;
		};
/* End PBXShellScriptBuildPhase section */

/* Begin PBXSourcesBuildPhase section */
		A40B876E25414BCC006C0F12 /* Sources */ = {
			isa = PBXSourcesBuildPhase;
			buildActionMask = 2147483647;
			files = (
				A462D7172543864C00B5D50E /* LoginViewController.swift in Sources */,
				A4CD8B802543F40700D77299 /* CameraViewController.swift in Sources */,
				A40B877625414BCC006C0F12 /* AppDelegate.swift in Sources */,
				A462D71C2543866900B5D50E /* FeedViewController.swift in Sources */,
				A40B877825414BCC006C0F12 /* SceneDelegate.swift in Sources */,
				A4CD8B9A2544020B00D77299 /* PostCell.swift in Sources */,
			);
			runOnlyForDeploymentPostprocessing = 0;
		};
		A40B878425414BCD006C0F12 /* Sources */ = {
			isa = PBXSourcesBuildPhase;
			buildActionMask = 2147483647;
			files = (
				A40B878D25414BCD006C0F12 /* ParstagramTests.swift in Sources */,
			);
			runOnlyForDeploymentPostprocessing = 0;
		};
		A40B878F25414BCD006C0F12 /* Sources */ = {
			isa = PBXSourcesBuildPhase;
			buildActionMask = 2147483647;
			files = (
				A40B879825414BCD006C0F12 /* ParstagramUITests.swift in Sources */,
			);
			runOnlyForDeploymentPostprocessing = 0;
		};
/* End PBXSourcesBuildPhase section */

/* Begin PBXTargetDependency section */
		A40B878A25414BCD006C0F12 /* PBXTargetDependency */ = {
			isa = PBXTargetDependency;
			target = A40B877125414BCC006C0F12 /* Parstagram */;
			targetProxy = A40B878925414BCD006C0F12 /* PBXContainerItemProxy */;
		};
		A40B879525414BCD006C0F12 /* PBXTargetDependency */ = {
			isa = PBXTargetDependency;
			target = A40B877125414BCC006C0F12 /* Parstagram */;
			targetProxy = A40B879425414BCD006C0F12 /* PBXContainerItemProxy */;
		};
/* End PBXTargetDependency section */

/* Begin PBXVariantGroup section */
		A40B877B25414BCC006C0F12 /* Main.storyboard */ = {
			isa = PBXVariantGroup;
			children = (
				A40B877C25414BCC006C0F12 /* Base */,
			);
			name = Main.storyboard;
			sourceTree = "<group>";
		};
		A40B878025414BCD006C0F12 /* LaunchScreen.storyboard */ = {
			isa = PBXVariantGroup;
			children = (
				A40B878125414BCD006C0F12 /* Base */,
			);
			name = LaunchScreen.storyboard;
			sourceTree = "<group>";
		};
/* End PBXVariantGroup section */

/* Begin XCBuildConfiguration section */
		A40B879A25414BCD006C0F12 /* Debug */ = {
			isa = XCBuildConfiguration;
			buildSettings = {
				ALWAYS_SEARCH_USER_PATHS = NO;
				CLANG_ANALYZER_NONNULL = YES;
				CLANG_ANALYZER_NUMBER_OBJECT_CONVERSION = YES_AGGRESSIVE;
				CLANG_CXX_LANGUAGE_STANDARD = "gnu++14";
				CLANG_CXX_LIBRARY = "libc++";
				CLANG_ENABLE_MODULES = YES;
				CLANG_ENABLE_OBJC_ARC = YES;
				CLANG_ENABLE_OBJC_WEAK = YES;
				CLANG_WARN_BLOCK_CAPTURE_AUTORELEASING = YES;
				CLANG_WARN_BOOL_CONVERSION = YES;
				CLANG_WARN_COMMA = YES;
				CLANG_WARN_CONSTANT_CONVERSION = YES;
				CLANG_WARN_DEPRECATED_OBJC_IMPLEMENTATIONS = YES;
				CLANG_WARN_DIRECT_OBJC_ISA_USAGE = YES_ERROR;
				CLANG_WARN_DOCUMENTATION_COMMENTS = YES;
				CLANG_WARN_EMPTY_BODY = YES;
				CLANG_WARN_ENUM_CONVERSION = YES;
				CLANG_WARN_INFINITE_RECURSION = YES;
				CLANG_WARN_INT_CONVERSION = YES;
				CLANG_WARN_NON_LITERAL_NULL_CONVERSION = YES;
				CLANG_WARN_OBJC_IMPLICIT_RETAIN_SELF = YES;
				CLANG_WARN_OBJC_LITERAL_CONVERSION = YES;
				CLANG_WARN_OBJC_ROOT_CLASS = YES_ERROR;
				CLANG_WARN_QUOTED_INCLUDE_IN_FRAMEWORK_HEADER = YES;
				CLANG_WARN_RANGE_LOOP_ANALYSIS = YES;
				CLANG_WARN_STRICT_PROTOTYPES = YES;
				CLANG_WARN_SUSPICIOUS_MOVE = YES;
				CLANG_WARN_UNGUARDED_AVAILABILITY = YES_AGGRESSIVE;
				CLANG_WARN_UNREACHABLE_CODE = YES;
				CLANG_WARN__DUPLICATE_METHOD_MATCH = YES;
				COPY_PHASE_STRIP = NO;
				DEBUG_INFORMATION_FORMAT = dwarf;
				ENABLE_STRICT_OBJC_MSGSEND = YES;
				ENABLE_TESTABILITY = YES;
				GCC_C_LANGUAGE_STANDARD = gnu11;
				GCC_DYNAMIC_NO_PIC = NO;
				GCC_NO_COMMON_BLOCKS = YES;
				GCC_OPTIMIZATION_LEVEL = 0;
				GCC_PREPROCESSOR_DEFINITIONS = (
					"DEBUG=1",
					"$(inherited)",
				);
				GCC_WARN_64_TO_32_BIT_CONVERSION = YES;
				GCC_WARN_ABOUT_RETURN_TYPE = YES_ERROR;
				GCC_WARN_UNDECLARED_SELECTOR = YES;
				GCC_WARN_UNINITIALIZED_AUTOS = YES_AGGRESSIVE;
				GCC_WARN_UNUSED_FUNCTION = YES;
				GCC_WARN_UNUSED_VARIABLE = YES;
				IPHONEOS_DEPLOYMENT_TARGET = 14.0;
				MTL_ENABLE_DEBUG_INFO = INCLUDE_SOURCE;
				MTL_FAST_MATH = YES;
				ONLY_ACTIVE_ARCH = YES;
				SDKROOT = iphoneos;
				SWIFT_ACTIVE_COMPILATION_CONDITIONS = DEBUG;
				SWIFT_OPTIMIZATION_LEVEL = "-Onone";
			};
			name = Debug;
		};
		A40B879B25414BCD006C0F12 /* Release */ = {
			isa = XCBuildConfiguration;
			buildSettings = {
				ALWAYS_SEARCH_USER_PATHS = NO;
				CLANG_ANALYZER_NONNULL = YES;
				CLANG_ANALYZER_NUMBER_OBJECT_CONVERSION = YES_AGGRESSIVE;
				CLANG_CXX_LANGUAGE_STANDARD = "gnu++14";
				CLANG_CXX_LIBRARY = "libc++";
				CLANG_ENABLE_MODULES = YES;
				CLANG_ENABLE_OBJC_ARC = YES;
				CLANG_ENABLE_OBJC_WEAK = YES;
				CLANG_WARN_BLOCK_CAPTURE_AUTORELEASING = YES;
				CLANG_WARN_BOOL_CONVERSION = YES;
				CLANG_WARN_COMMA = YES;
				CLANG_WARN_CONSTANT_CONVERSION = YES;
				CLANG_WARN_DEPRECATED_OBJC_IMPLEMENTATIONS = YES;
				CLANG_WARN_DIRECT_OBJC_ISA_USAGE = YES_ERROR;
				CLANG_WARN_DOCUMENTATION_COMMENTS = YES;
				CLANG_WARN_EMPTY_BODY = YES;
				CLANG_WARN_ENUM_CONVERSION = YES;
				CLANG_WARN_INFINITE_RECURSION = YES;
				CLANG_WARN_INT_CONVERSION = YES;
				CLANG_WARN_NON_LITERAL_NULL_CONVERSION = YES;
				CLANG_WARN_OBJC_IMPLICIT_RETAIN_SELF = YES;
				CLANG_WARN_OBJC_LITERAL_CONVERSION = YES;
				CLANG_WARN_OBJC_ROOT_CLASS = YES_ERROR;
				CLANG_WARN_QUOTED_INCLUDE_IN_FRAMEWORK_HEADER = YES;
				CLANG_WARN_RANGE_LOOP_ANALYSIS = YES;
				CLANG_WARN_STRICT_PROTOTYPES = YES;
				CLANG_WARN_SUSPICIOUS_MOVE = YES;
				CLANG_WARN_UNGUARDED_AVAILABILITY = YES_AGGRESSIVE;
				CLANG_WARN_UNREACHABLE_CODE = YES;
				CLANG_WARN__DUPLICATE_METHOD_MATCH = YES;
				COPY_PHASE_STRIP = NO;
				DEBUG_INFORMATION_FORMAT = "dwarf-with-dsym";
				ENABLE_NS_ASSERTIONS = NO;
				ENABLE_STRICT_OBJC_MSGSEND = YES;
				GCC_C_LANGUAGE_STANDARD = gnu11;
				GCC_NO_COMMON_BLOCKS = YES;
				GCC_WARN_64_TO_32_BIT_CONVERSION = YES;
				GCC_WARN_ABOUT_RETURN_TYPE = YES_ERROR;
				GCC_WARN_UNDECLARED_SELECTOR = YES;
				GCC_WARN_UNINITIALIZED_AUTOS = YES_AGGRESSIVE;
				GCC_WARN_UNUSED_FUNCTION = YES;
				GCC_WARN_UNUSED_VARIABLE = YES;
				IPHONEOS_DEPLOYMENT_TARGET = 14.0;
				MTL_ENABLE_DEBUG_INFO = NO;
				MTL_FAST_MATH = YES;
				SDKROOT = iphoneos;
				SWIFT_COMPILATION_MODE = wholemodule;
				SWIFT_OPTIMIZATION_LEVEL = "-O";
				VALIDATE_PRODUCT = YES;
			};
			name = Release;
		};
		A40B879D25414BCD006C0F12 /* Debug */ = {
			isa = XCBuildConfiguration;
			baseConfigurationReference = 3EC3F0828AE8451C13EA1AA2 /* Pods-Parstagram.debug.xcconfig */;
			buildSettings = {
				ASSETCATALOG_COMPILER_APPICON_NAME = AppIcon;
				ASSETCATALOG_COMPILER_GLOBAL_ACCENT_COLOR_NAME = AccentColor;
				CODE_SIGN_STYLE = Automatic;
				INFOPLIST_FILE = Parstagram/Info.plist;
				LD_RUNPATH_SEARCH_PATHS = (
					"$(inherited)",
					"@executable_path/Frameworks",
				);
				PRODUCT_BUNDLE_IDENTIFIER = CPSandyCamilo.Parstagram;
				PRODUCT_NAME = "$(TARGET_NAME)";
				SWIFT_VERSION = 5.0;
				TARGETED_DEVICE_FAMILY = "1,2";
			};
			name = Debug;
		};
		A40B879E25414BCD006C0F12 /* Release */ = {
			isa = XCBuildConfiguration;
			baseConfigurationReference = 73592D59CF5CCEB81D16934E /* Pods-Parstagram.release.xcconfig */;
			buildSettings = {
				ASSETCATALOG_COMPILER_APPICON_NAME = AppIcon;
				ASSETCATALOG_COMPILER_GLOBAL_ACCENT_COLOR_NAME = AccentColor;
				CODE_SIGN_STYLE = Automatic;
				INFOPLIST_FILE = Parstagram/Info.plist;
				LD_RUNPATH_SEARCH_PATHS = (
					"$(inherited)",
					"@executable_path/Frameworks",
				);
				PRODUCT_BUNDLE_IDENTIFIER = CPSandyCamilo.Parstagram;
				PRODUCT_NAME = "$(TARGET_NAME)";
				SWIFT_VERSION = 5.0;
				TARGETED_DEVICE_FAMILY = "1,2";
			};
			name = Release;
		};
		A40B87A025414BCD006C0F12 /* Debug */ = {
			isa = XCBuildConfiguration;
			baseConfigurationReference = 97CBB35544136938BBA79229 /* Pods-ParstagramTests.debug.xcconfig */;
			buildSettings = {
				ALWAYS_EMBED_SWIFT_STANDARD_LIBRARIES = YES;
				BUNDLE_LOADER = "$(TEST_HOST)";
				CODE_SIGN_STYLE = Automatic;
				INFOPLIST_FILE = ParstagramTests/Info.plist;
				IPHONEOS_DEPLOYMENT_TARGET = 14.0;
				LD_RUNPATH_SEARCH_PATHS = (
					"$(inherited)",
					"@executable_path/Frameworks",
					"@loader_path/Frameworks",
				);
				PRODUCT_BUNDLE_IDENTIFIER = CPSandyCamilo.ParstagramTests;
				PRODUCT_NAME = "$(TARGET_NAME)";
				SWIFT_VERSION = 5.0;
				TARGETED_DEVICE_FAMILY = "1,2";
				TEST_HOST = "$(BUILT_PRODUCTS_DIR)/Parstagram.app/Parstagram";
			};
			name = Debug;
		};
		A40B87A125414BCD006C0F12 /* Release */ = {
			isa = XCBuildConfiguration;
			baseConfigurationReference = 24179B82A1EDDB695C01B8C6 /* Pods-ParstagramTests.release.xcconfig */;
			buildSettings = {
				ALWAYS_EMBED_SWIFT_STANDARD_LIBRARIES = YES;
				BUNDLE_LOADER = "$(TEST_HOST)";
				CODE_SIGN_STYLE = Automatic;
				INFOPLIST_FILE = ParstagramTests/Info.plist;
				IPHONEOS_DEPLOYMENT_TARGET = 14.0;
				LD_RUNPATH_SEARCH_PATHS = (
					"$(inherited)",
					"@executable_path/Frameworks",
					"@loader_path/Frameworks",
				);
				PRODUCT_BUNDLE_IDENTIFIER = CPSandyCamilo.ParstagramTests;
				PRODUCT_NAME = "$(TARGET_NAME)";
				SWIFT_VERSION = 5.0;
				TARGETED_DEVICE_FAMILY = "1,2";
				TEST_HOST = "$(BUILT_PRODUCTS_DIR)/Parstagram.app/Parstagram";
			};
			name = Release;
		};
		A40B87A325414BCD006C0F12 /* Debug */ = {
			isa = XCBuildConfiguration;
			baseConfigurationReference = 26BA65F056E56BD7FFA82BB1 /* Pods-Parstagram-ParstagramUITests.debug.xcconfig */;
			buildSettings = {
				ALWAYS_EMBED_SWIFT_STANDARD_LIBRARIES = YES;
				CODE_SIGN_STYLE = Automatic;
				INFOPLIST_FILE = ParstagramUITests/Info.plist;
				LD_RUNPATH_SEARCH_PATHS = (
					"$(inherited)",
					"@executable_path/Frameworks",
					"@loader_path/Frameworks",
				);
				PRODUCT_BUNDLE_IDENTIFIER = CPSandyCamilo.ParstagramUITests;
				PRODUCT_NAME = "$(TARGET_NAME)";
				SWIFT_VERSION = 5.0;
				TARGETED_DEVICE_FAMILY = "1,2";
				TEST_TARGET_NAME = Parstagram;
			};
			name = Debug;
		};
		A40B87A425414BCD006C0F12 /* Release */ = {
			isa = XCBuildConfiguration;
			baseConfigurationReference = 666615A8AC5079F95E07A0FE /* Pods-Parstagram-ParstagramUITests.release.xcconfig */;
			buildSettings = {
				ALWAYS_EMBED_SWIFT_STANDARD_LIBRARIES = YES;
				CODE_SIGN_STYLE = Automatic;
				INFOPLIST_FILE = ParstagramUITests/Info.plist;
				LD_RUNPATH_SEARCH_PATHS = (
					"$(inherited)",
					"@executable_path/Frameworks",
					"@loader_path/Frameworks",
				);
				PRODUCT_BUNDLE_IDENTIFIER = CPSandyCamilo.ParstagramUITests;
				PRODUCT_NAME = "$(TARGET_NAME)";
				SWIFT_VERSION = 5.0;
				TARGETED_DEVICE_FAMILY = "1,2";
				TEST_TARGET_NAME = Parstagram;
			};
			name = Release;
		};
/* End XCBuildConfiguration section */

/* Begin XCConfigurationList section */
		A40B876D25414BCC006C0F12 /* Build configuration list for PBXProject "Parstagram" */ = {
			isa = XCConfigurationList;
			buildConfigurations = (
				A40B879A25414BCD006C0F12 /* Debug */,
				A40B879B25414BCD006C0F12 /* Release */,
			);
			defaultConfigurationIsVisible = 0;
			defaultConfigurationName = Release;
		};
		A40B879C25414BCD006C0F12 /* Build configuration list for PBXNativeTarget "Parstagram" */ = {
			isa = XCConfigurationList;
			buildConfigurations = (
				A40B879D25414BCD006C0F12 /* Debug */,
				A40B879E25414BCD006C0F12 /* Release */,
			);
			defaultConfigurationIsVisible = 0;
			defaultConfigurationName = Release;
		};
		A40B879F25414BCD006C0F12 /* Build configuration list for PBXNativeTarget "ParstagramTests" */ = {
			isa = XCConfigurationList;
			buildConfigurations = (
				A40B87A025414BCD006C0F12 /* Debug */,
				A40B87A125414BCD006C0F12 /* Release */,
			);
			defaultConfigurationIsVisible = 0;
			defaultConfigurationName = Release;
		};
		A40B87A225414BCD006C0F12 /* Build configuration list for PBXNativeTarget "ParstagramUITests" */ = {
			isa = XCConfigurationList;
			buildConfigurations = (
				A40B87A325414BCD006C0F12 /* Debug */,
				A40B87A425414BCD006C0F12 /* Release */,
			);
			defaultConfigurationIsVisible = 0;
			defaultConfigurationName = Release;
		};
/* End XCConfigurationList section */
	};
	rootObject = A40B876A25414BCC006C0F12 /* Project object */;
}
